{
  "requires": true,
  "lockfileVersion": 1,
  "dependencies": {
    "@fortawesome/fontawesome-free": {
      "version": "5.15.3",
      "resolved": "https://registry.npmjs.org/@fortawesome/fontawesome-free/-/fontawesome-free-5.15.3.tgz",
      "integrity": "sha512-rFnSUN/QOtnOAgqFRooTA3H57JLDm0QEG/jPdk+tLQNL/eWd+Aok8g3qCI+Q1xuDPWpGW/i9JySpJVsq8Q0s9w=="
    },
    "rellax": {
      "version": "1.12.1",
      "resolved": "https://registry.npmjs.org/rellax/-/rellax-1.12.1.tgz",
      "integrity": "sha512-XBIi0CDpW5FLTujYjYBn1CIbK2CJL6TsAg/w409KghP2LucjjzBjsujXDAjyBLWgsfupfUcL5WzdnIPcGfK7XA=="
    },
    "slick-carousel": {
      "version": "1.8.1",
      "resolved": "https://registry.npmjs.org/slick-carousel/-/slick-carousel-1.8.1.tgz",
      "integrity": "sha512-XB9Ftrf2EEKfzoQXt3Nitrt/IPbT+f1fgqBdoxO3W/+JYvtEOW6EgxnWfr9GH6nmULv7Y2tPmEX3koxThVmebA=="
    }
  }
}
